Microsoft Visual Studio Solution File, Format Version 12.00
# Visual Studio 14
VisualStudioVersion = 14.0.25420.1
MinimumVisualStudioVersion = 10.0.40219.1
Project("{FAE04EC0-301F-11D3-BF4B-00C04F79EFBC}") = "Test", "Test\Test.csproj", "{2573FB2B-329D-41D0-816C-FAA5549BF612}"
EndProject
Project("{FAE04EC0-301F-11D3-BF4B-00C04F79EFBC}") = "tqapi_cs", "cs\tqapi_cs.csproj", "{BEB1CE43-7F22-45ED-A096-46C1A2E6D242}"
EndProject
Global
	GlobalSection(SolutionConfigurationPlatforms) = preSolution
		Debug|Any CPU = Debug|Any CPU
		Debug|x64 = Debug|x64
		Debug|x86 = Debug|x86
		MinSizeRel|Any CPU = MinSizeRel|Any CPU
		MinSizeRel|x64 = MinSizeRel|x64
		MinSizeRel|x86 = MinSizeRel|x86
		Release|Any CPU = Release|Any CPU
		Release|x64 = Release|x64
		Release|x86 = Release|x86
		RelWithDebInfo|Any CPU = RelWithDebInfo|Any CPU
		RelWithDebInfo|x64 = RelWithDebInfo|x64
		RelWithDebInfo|x86 = RelWithDebInfo|x86
	EndGlobalSection
	GlobalSection(ProjectConfigurationPlatforms) = postSolution
		{2573FB2B-329D-41D0-816C-FAA5549BF612}.Debug|Any CPU.ActiveCfg = Debug|Any CPU
		{2573FB2B-329D-41D0-816C-FAA5549BF612}.Debug|Any CPU.Build.0 = Debug|Any CPU
		{2573FB2B-329D-41D0-816C-FAA5549BF612}.Debug|x64.ActiveCfg = Debug|Any CPU
		{2573FB2B-329D-41D0-816C-FAA5549BF612}.Debug|x64.Build.0 = Debug|Any CPU
		{2573FB2B-329D-41D0-816C-FAA5549BF612}.Debug|x86.ActiveCfg = Debug|Any CPU
		{2573FB2B-329D-41D0-816C-FAA5549BF612}.Debug|x86.Build.0 = Debug|Any CPU
		{2573FB2B-329D-41D0-816C-FAA5549BF612}.MinSizeRel|Any CPU.ActiveCfg = Release|Any CPU
		{2573FB2B-329D-41D0-816C-FAA5549BF612}.MinSizeRel|Any CPU.Build.0 = Release|Any CPU
		{2573FB2B-329D-41D0-816C-FAA5549BF612}.MinSizeRel|x64.ActiveCfg = Release|Any CPU
		{2573FB2B-329D-41D0-816C-FAA5549BF612}.MinSizeRel|x64.Build.0 = Release|Any CPU
		{2573FB2B-329D-41D0-816C-FAA5549BF612}.MinSizeRel|x86.ActiveCfg = Release|Any CPU
		{2573FB2B-329D-41D0-816C-FAA5549BF612}.MinSizeRel|x86.Build.0 = Release|Any CPU
		{2573FB2B-329D-41D0-816C-FAA5549BF612}.Release|Any CPU.ActiveCfg = Release|Any CPU
		{2573FB2B-329D-41D0-816C-FAA5549BF612}.Release|Any CPU.Build.0 = Release|Any CPU
		{2573FB2B-329D-41D0-816C-FAA5549BF612}.Release|x64.ActiveCfg = Release|Any CPU
		{2573FB2B-329D-41D0-816C-FAA5549BF612}.Release|x64.Build.0 = Release|Any CPU
		{2573FB2B-329D-41D0-816C-FAA5549BF612}.Release|x86.ActiveCfg = Release|Any CPU
		{2573FB2B-329D-41D0-816C-FAA5549BF612}.Release|x86.Build.0 = Release|Any CPU
		{2573FB2B-329D-41D0-816C-FAA5549BF612}.RelWithDebInfo|Any CPU.ActiveCfg = Release|Any CPU
		{2573FB2B-329D-41D0-816C-FAA5549BF612}.RelWithDebInfo|Any CPU.Build.0 = Release|Any CPU
		{2573FB2B-329D-41D0-816C-FAA5549BF612}.RelWithDebInfo|x64.ActiveCfg = Release|Any CPU
		{2573FB2B-329D-41D0-816C-FAA5549BF612}.RelWithDebInfo|x64.Build.0 = Release|Any CPU
		{2573FB2B-329D-41D0-816C-FAA5549BF612}.RelWithDebInfo|x86.ActiveCfg = Release|Any CPU
		{2573FB2B-329D-41D0-816C-FAA5549BF612}.RelWithDebInfo|x86.Build.0 = Release|Any CPU
		{BEB1CE43-7F22-45ED-A096-46C1A2E6D242}.Debug|Any CPU.ActiveCfg = Debug|Any CPU
		{BEB1CE43-7F22-45ED-A096-46C1A2E6D242}.Debug|Any CPU.Build.0 = Debug|Any CPU
		{BEB1CE43-7F22-45ED-A096-46C1A2E6D242}.Debug|x64.ActiveCfg = Debug|Any CPU
		{BEB1CE43-7F22-45ED-A096-46C1A2E6D242}.Debug|x64.Build.0 = Debug|Any CPU
		{BEB1CE43-7F22-45ED-A096-46C1A2E6D242}.Debug|x86.ActiveCfg = Debug|Any CPU
		{BEB1CE43-7F22-45ED-A096-46C1A2E6D242}.Debug|x86.Build.0 = Debug|Any CPU
		{BEB1CE43-7F22-45ED-A096-46C1A2E6D242}.MinSizeRel|Any CPU.ActiveCfg = Release|Any CPU
		{BEB1CE43-7F22-45ED-A096-46C1A2E6D242}.MinSizeRel|Any CPU.Build.0 = Release|Any CPU
		{BEB1CE43-7F22-45ED-A096-46C1A2E6D242}.MinSizeRel|x64.ActiveCfg = Release|Any CPU
		{BEB1CE43-7F22-45ED-A096-46C1A2E6D242}.MinSizeRel|x64.Build.0 = Release|Any CPU
		{BEB1CE43-7F22-45ED-A096-46C1A2E6D242}.MinSizeRel|x86.ActiveCfg = Release|Any CPU
		{BEB1CE43-7F22-45ED-A096-46C1A2E6D242}.MinSizeRel|x86.Build.0 = Release|Any CPU
		{BEB1CE43-7F22-45ED-A096-46C1A2E6D242}.Release|Any CPU.ActiveCfg = Release|Any CPU
		{BEB1CE43-7F22-45ED-A096-46C1A2E6D242}.Release|Any CPU.Build.0 = Release|Any CPU
		{BEB1CE43-7F22-45ED-A096-46C1A2E6D242}.Release|x64.ActiveCfg = Release|Any CPU
		{BEB1CE43-7F22-45ED-A096-46C1A2E6D242}.Release|x64.Build.0 = Release|Any CPU
		{BEB1CE43-7F22-45ED-A096-46C1A2E6D242}.Release|x86.ActiveCfg = Release|Any CPU
		{BEB1CE43-7F22-45ED-A096-46C1A2E6D242}.Release|x86.Build.0 = Release|Any CPU
		{BEB1CE43-7F22-45ED-A096-46C1A2E6D242}.RelWithDebInfo|Any CPU.ActiveCfg = Release|Any CPU
		{BEB1CE43-7F22-45ED-A096-46C1A2E6D242}.RelWithDebInfo|Any CPU.Build.0 = Release|Any CPU
		{BEB1CE43-7F22-45ED-A096-46C1A2E6D242}.RelWithDebInfo|x64.ActiveCfg = Release|Any CPU
		{BEB1CE43-7F22-45ED-A096-46C1A2E6D242}.RelWithDebInfo|x64.Build.0 = Release|Any CPU
		{BEB1CE43-7F22-45ED-A096-46C1A2E6D242}.RelWithDebInfo|x86.ActiveCfg = Release|Any CPU
		{BEB1CE43-7F22-45ED-A096-46C1A2E6D242}.RelWithDebInfo|x86.Build.0 = Release|Any CPU
	EndGlobalSection
	GlobalSection(SolutionProperties) = preSolution
		HideSolutionNode = FALSE
	EndGlobalSection
EndGlobal
